
Microsoft Visual Studio Solution File, Format Version 12.00
# Visual Studio 2013
VisualStudioVersion = 12.0.21005.1
MinimumVisualStudioVersion = 10.0.40219.1
Project("{FAE04EC0-301F-11D3-BF4B-00C04F79EFBC}") = "mapServerTools", "mapServerTools\mapServerTools.csproj", "{E6404910-268F-48F1-A896-4824EDD7F40E}"
EndProject
Project("{FAE04EC0-301F-11D3-BF4B-00C04F79EFBC}") = "EssentialTools", "EssentialTools\EssentialTools.csproj", "{7F685535-36F4-4B22-8FC1-9ACD99F83B16}"
EndProject
Project("{FAE04EC0-301F-11D3-BF4B-00C04F79EFBC}") = "EssentialTools.Tests", "EssentialTools.Tests\EssentialTools.Tests.csproj", "{0514AC1C-60BD-41AC-8D9E-5F90A19922E4}"
EndProject
Global
	GlobalSection(SolutionConfigurationPlatforms) = preSolution
		Debug|Any CPU = Debug|Any CPU
		Release|Any CPU = Release|Any CPU
	EndGlobalSection
	GlobalSection(ProjectConfigurationPlatforms) = postSolution
		{E6404910-268F-48F1-A896-4824EDD7F40E}.Debug|Any CPU.ActiveCfg = Debug|Any CPU
		{E6404910-268F-48F1-A896-4824EDD7F40E}.Debug|Any CPU.Build.0 = Debug|Any CPU
		{E6404910-268F-48F1-A896-4824EDD7F40E}.Release|Any CPU.ActiveCfg = Release|Any CPU
		{E6404910-268F-48F1-A896-4824EDD7F40E}.Release|Any CPU.Build.0 = Release|Any CPU
		{7F685535-36F4-4B22-8FC1-9ACD99F83B16}.Debug|Any CPU.ActiveCfg = Debug|Any CPU
		{7F685535-36F4-4B22-8FC1-9ACD99F83B16}.Debug|Any CPU.Build.0 = Debug|Any CPU
		{7F685535-36F4-4B22-8FC1-9ACD99F83B16}.Release|Any CPU.ActiveCfg = Release|Any CPU
		{7F685535-36F4-4B22-8FC1-9ACD99F83B16}.Release|Any CPU.Build.0 = Release|Any CPU
		{0514AC1C-60BD-41AC-8D9E-5F90A19922E4}.Debug|Any CPU.ActiveCfg = Debug|Any CPU
		{0514AC1C-60BD-41AC-8D9E-5F90A19922E4}.Debug|Any CPU.Build.0 = Debug|Any CPU
		{0514AC1C-60BD-41AC-8D9E-5F90A19922E4}.Release|Any CPU.ActiveCfg = Release|Any CPU
		{0514AC1C-60BD-41AC-8D9E-5F90A19922E4}.Release|Any CPU.Build.0 = Release|Any CPU
	EndGlobalSection
	GlobalSection(SolutionProperties) = preSolution
		HideSolutionNode = FALSE
	EndGlobalSection
EndGlobal
